
Microsoft Visual Studio Solution File, Format Version 12.00
# Visual Studio Version 17
VisualStudioVersion = 17.0.31903.59
MinimumVisualStudioVersion = 10.0.40219.1
Project("{2150E333-8FDC-42A3-9474-1A3956D46DE8}") = "Services", "Services", "{B6C1A3E7-63A0-4391-A6FF-CE0F24EE9747}"
EndProject
Project("{9A19103F-16F7-4668-BE54-9A1E7A4F7556}") = "Sibe.API", "Services\Sibe.API\Sibe.API.csproj", "{BDC8DD89-020C-44BD-A0F3-8B81A6F15F6A}"
EndProject
Global
	GlobalSection(SolutionConfigurationPlatforms) = preSolution
		Debug|Any CPU = Debug|Any CPU
		Release|Any CPU = Release|Any CPU
	EndGlobalSection
	GlobalSection(ProjectConfigurationPlatforms) = postSolution
		{BDC8DD89-020C-44BD-A0F3-8B81A6F15F6A}.Debug|Any CPU.ActiveCfg = Debug|Any CPU
		{BDC8DD89-020C-44BD-A0F3-8B81A6F15F6A}.Debug|Any CPU.Build.0 = Debug|Any CPU
		{BDC8DD89-020C-44BD-A0F3-8B81A6F15F6A}.Release|Any CPU.ActiveCfg = Release|Any CPU
		{BDC8DD89-020C-44BD-A0F3-8B81A6F15F6A}.Release|Any CPU.Build.0 = Release|Any CPU
	EndGlobalSection
	GlobalSection(SolutionProperties) = preSolution
		HideSolutionNode = FALSE
	EndGlobalSection
	GlobalSection(NestedProjects) = preSolution
		{BDC8DD89-020C-44BD-A0F3-8B81A6F15F6A} = {B6C1A3E7-63A0-4391-A6FF-CE0F24EE9747}
	EndGlobalSection
EndGlobal
